
Microsoft Visual Studio Solution File, Format Version 12.00
# Visual Studio Version 16
VisualStudioVersion = 16.0.31005.135
MinimumVisualStudioVersion = 10.0.40219.1
Project("{9A19103F-16F7-4668-BE54-9A1E7A4F7556}") = "Tests", "Tests\Tests.csproj", "{F8581F84-3BA0-4A79-B4AB-6267716A1737}"
EndProject
Project("{9A19103F-16F7-4668-BE54-9A1E7A4F7556}") = "TestGen", "..\TestGen\TestGen\TestGen.csproj", "{4DDDFCF2-055D-4493-8B0B-4649C2B325B9}"
EndProject
Global
	GlobalSection(SolutionConfigurationPlatforms) = preSolution
		Debug|Any CPU = Debug|Any CPU
		Release|Any CPU = Release|Any CPU
	EndGlobalSection
	GlobalSection(ProjectConfigurationPlatforms) = postSolution
		{F8581F84-3BA0-4A79-B4AB-6267716A1737}.Debug|Any CPU.ActiveCfg = Debug|Any CPU
		{F8581F84-3BA0-4A79-B4AB-6267716A1737}.Debug|Any CPU.Build.0 = Debug|Any CPU
		{F8581F84-3BA0-4A79-B4AB-6267716A1737}.Release|Any CPU.ActiveCfg = Release|Any CPU
		{F8581F84-3BA0-4A79-B4AB-6267716A1737}.Release|Any CPU.Build.0 = Release|Any CPU
		{4DDDFCF2-055D-4493-8B0B-4649C2B325B9}.Debug|Any CPU.ActiveCfg = Debug|Any CPU
		{4DDDFCF2-055D-4493-8B0B-4649C2B325B9}.Debug|Any CPU.Build.0 = Debug|Any CPU
		{4DDDFCF2-055D-4493-8B0B-4649C2B325B9}.Release|Any CPU.ActiveCfg = Release|Any CPU
		{4DDDFCF2-055D-4493-8B0B-4649C2B325B9}.Release|Any CPU.Build.0 = Release|Any CPU
	EndGlobalSection
	GlobalSection(SolutionProperties) = preSolution
		HideSolutionNode = FALSE
	EndGlobalSection
	GlobalSection(ExtensibilityGlobals) = postSolution
		SolutionGuid = {1175842A-335A-4707-81A9-DF87F74AC2DB}
	EndGlobalSection
EndGlobal
