
Microsoft Visual Studio Solution File, Format Version 12.00
# Visual Studio Version 16
VisualStudioVersion = 16.0.31005.135
MinimumVisualStudioVersion = 10.0.40219.1
Project("{FAE04EC0-301F-11D3-BF4B-00C04F79EFBC}") = "TestGen", "TestGen\TestGen.csproj", "{1D6D4D23-E2A2-42FB-8923-7CBD0AADD311}"
EndProject
Global
	GlobalSection(SolutionConfigurationPlatforms) = preSolution
		Debug|Any CPU = Debug|Any CPU
		Release|Any CPU = Release|Any CPU
	EndGlobalSection
	GlobalSection(ProjectConfigurationPlatforms) = postSolution
		{1D6D4D23-E2A2-42FB-8923-7CBD0AADD311}.Debug|Any CPU.ActiveCfg = Debug|Any CPU
		{1D6D4D23-E2A2-42FB-8923-7CBD0AADD311}.Debug|Any CPU.Build.0 = Debug|Any CPU
		{1D6D4D23-E2A2-42FB-8923-7CBD0AADD311}.Release|Any CPU.ActiveCfg = Release|Any CPU
		{1D6D4D23-E2A2-42FB-8923-7CBD0AADD311}.Release|Any CPU.Build.0 = Release|Any CPU
	EndGlobalSection
	GlobalSection(SolutionProperties) = preSolution
		HideSolutionNode = FALSE
	EndGlobalSection
	GlobalSection(ExtensibilityGlobals) = postSolution
		SolutionGuid = {FA9B8775-9145-49F1-B99E-46B90E7B5806}
	EndGlobalSection
EndGlobal
